// !$*UTF8*$!
{
	archiveVersion = 1;
	classes = {
	};
	objectVersion = 55;
	objects = {

/* Begin PBXBuildFile section */
		31D7329928FB69F200027E02 /* AppDelegate.swift in Sources */ = {isa = PBXBuildFile; fileRef = 31D7329828FB69F200027E02 /* AppDelegate.swift */; };
		31D7329B28FB69F200027E02 /* SceneDelegate.swift in Sources */ = {isa = PBXBuildFile; fileRef = 31D7329A28FB69F200027E02 /* SceneDelegate.swift */; };
		31D732A028FB69F200027E02 /* Main.storyboard in Resources */ = {isa = PBXBuildFile; fileRef = 31D7329E28FB69F200027E02 /* Main.storyboard */; };
		31D732A228FB69F500027E02 /* Assets.xcassets in Resources */ = {isa = PBXBuildFile; fileRef = 31D732A128FB69F500027E02 /* Assets.xcassets */; };
		31D732A528FB69F500027E02 /* LaunchScreen.storyboard in Resources */ = {isa = PBXBuildFile; fileRef = 31D732A328FB69F500027E02 /* LaunchScreen.storyboard */; };
		31D732BC28FB6B1800027E02 /* FMDatabaseAdditions.m in Sources */ = {isa = PBXBuildFile; fileRef = 31D732B328FB6B1800027E02 /* FMDatabaseAdditions.m */; };
		31D732BD28FB6B1800027E02 /* FMResultSet.m in Sources */ = {isa = PBXBuildFile; fileRef = 31D732B528FB6B1800027E02 /* FMResultSet.m */; };
		31D732BE28FB6B1800027E02 /* FMDatabasePool.m in Sources */ = {isa = PBXBuildFile; fileRef = 31D732B628FB6B1800027E02 /* FMDatabasePool.m */; };
		31D732BF28FB6B1800027E02 /* FMDatabaseQueue.m in Sources */ = {isa = PBXBuildFile; fileRef = 31D732B728FB6B1800027E02 /* FMDatabaseQueue.m */; };
		31D732C028FB6B1800027E02 /* FMDatabase.m in Sources */ = {isa = PBXBuildFile; fileRef = 31D732B828FB6B1800027E02 /* FMDatabase.m */; };
		31D732D428FBF9A900027E02 /* HomeVC.swift in Sources */ = {isa = PBXBuildFile; fileRef = 31D732D328FBF9A900027E02 /* HomeVC.swift */; };
		31D732D828FBFAA000027E02 /* ToDoList.swift in Sources */ = {isa = PBXBuildFile; fileRef = 31D732D728FBFAA000027E02 /* ToDoList.swift */; };
		31D732EA28FBFE7100027E02 /* HomeProtocols.swift in Sources */ = {isa = PBXBuildFile; fileRef = 31D732E928FBFE7100027E02 /* HomeProtocols.swift */; };
		31D732EC28FC013000027E02 /* HomeInteractor.swift in Sources */ = {isa = PBXBuildFile; fileRef = 31D732EB28FC013000027E02 /* HomeInteractor.swift */; };
		31D732F128FC015E00027E02 /* HomePresenter.swift in Sources */ = {isa = PBXBuildFile; fileRef = 31D732F028FC015E00027E02 /* HomePresenter.swift */; };
		31D732F328FC016800027E02 /* HomeRouter.swift in Sources */ = {isa = PBXBuildFile; fileRef = 31D732F228FC016800027E02 /* HomeRouter.swift */; };
		31D732F628FC01DB00027E02 /* ToDoTableViewCell.swift in Sources */ = {isa = PBXBuildFile; fileRef = 31D732F528FC01DB00027E02 /* ToDoTableViewCell.swift */; };
		31D732F828FC4EB800027E02 /* todo.sqlite in Resources */ = {isa = PBXBuildFile; fileRef = 31D732F728FC4EB800027E02 /* todo.sqlite */; };
		31D732FA28FC542800027E02 /* ToDoUpdateVC.swift in Sources */ = {isa = PBXBuildFile; fileRef = 31D732F928FC542800027E02 /* ToDoUpdateVC.swift */; };
		31D732FE28FC560600027E02 /* ToDoUpdateProtocols.swift in Sources */ = {isa = PBXBuildFile; fileRef = 31D732FD28FC560600027E02 /* ToDoUpdateProtocols.swift */; };
		31D7330028FC574900027E02 /* ToDoUpdateRouter.swift in Sources */ = {isa = PBXBuildFile; fileRef = 31D732FF28FC574900027E02 /* ToDoUpdateRouter.swift */; };
		31D7330228FC57B700027E02 /* ToDoUpdatePresenter.swift in Sources */ = {isa = PBXBuildFile; fileRef = 31D7330128FC57B700027E02 /* ToDoUpdatePresenter.swift */; };
		31D7330428FC57C800027E02 /* ToDoUpdateInteractor.swift in Sources */ = {isa = PBXBuildFile; fileRef = 31D7330328FC57C800027E02 /* ToDoUpdateInteractor.swift */; };
		31D7330628FC5A9C00027E02 /* ToDoSave.swift in Sources */ = {isa = PBXBuildFile; fileRef = 31D7330528FC5A9C00027E02 /* ToDoSave.swift */; };
		31D7330828FC5B7400027E02 /* ToDoSaveVC.swift in Sources */ = {isa = PBXBuildFile; fileRef = 31D7330728FC5B7400027E02 /* ToDoSaveVC.swift */; };
		31D7330A28FC5E3400027E02 /* ToDoSaveRouter.swift in Sources */ = {isa = PBXBuildFile; fileRef = 31D7330928FC5E3400027E02 /* ToDoSaveRouter.swift */; };
		31D7331028FC5F6700027E02 /* ToDoSavePresenter.swift in Sources */ = {isa = PBXBuildFile; fileRef = 31D7330F28FC5F6700027E02 /* ToDoSavePresenter.swift */; };
		31ED36EC28FC95F70042F2D4 /* ToDoSaveInteractor.swift in Sources */ = {isa = PBXBuildFile; fileRef = 31ED36EB28FC95F70042F2D4 /* ToDoSaveInteractor.swift */; };
/* End PBXBuildFile section */

/* Begin PBXFileReference section */
		31D7329528FB69F200027E02 /* ToDo.app */ = {isa = PBXFileReference; explicitFileType = wrapper.application; includeInIndex = 0; path = ToDo.app; sourceTree = BUILT_PRODUCTS_DIR; };
		31D7329828FB69F200027E02 /* AppDelegate.swift */ = {isa = PBXFileReference; lastKnownFileType = sourcecode.swift; path = AppDelegate.swift; sourceTree = "<group>"; };
		31D7329A28FB69F200027E02 /* SceneDelegate.swift */ = {isa = PBXFileReference; lastKnownFileType = sourcecode.swift; path = SceneDelegate.swift; sourceTree = "<group>"; };
		31D7329F28FB69F200027E02 /* Base */ = {isa = PBXFileReference; lastKnownFileType = file.storyboard; name = Base; path = Base.lproj/Main.storyboard; sourceTree = "<group>"; };
		31D732A128FB69F500027E02 /* Assets.xcassets */ = {isa = PBXFileReference; lastKnownFileType = folder.assetcatalog; path = Assets.xcassets; sourceTree = "<group>"; };
		31D732A428FB69F500027E02 /* Base */ = {isa = PBXFileReference; lastKnownFileType = file.storyboard; name = Base; path = Base.lproj/LaunchScreen.storyboard; sourceTree = "<group>"; };
		31D732A628FB69F500027E02 /* Info.plist */ = {isa = PBXFileReference; lastKnownFileType = text.plist.xml; path = Info.plist; sourceTree = "<group>"; };
		31D732AD28FB6A2B00027E02 /* libsqlite3.tbd */ = {isa = PBXFileReference; lastKnownFileType = "sourcecode.text-based-dylib-definition"; name = libsqlite3.tbd; path = usr/lib/libsqlite3.tbd; sourceTree = SDKROOT; };
		31D732B028FB6B1700027E02 /* ToDo-Bridging-Header.h */ = {isa = PBXFileReference; lastKnownFileType = sourcecode.c.h; path = "ToDo-Bridging-Header.h"; sourceTree = "<group>"; };
		31D732B128FB6B1700027E02 /* FMDatabaseAdditions.h */ = {isa = PBXFileReference; fileEncoding = 4; lastKnownFileType = sourcecode.c.h; path = FMDatabaseAdditions.h; sourceTree = "<group>"; };
		31D732B228FB6B1800027E02 /* FMDatabase.h */ = {isa = PBXFileReference; fileEncoding = 4; lastKnownFileType = sourcecode.c.h; path = FMDatabase.h; sourceTree = "<group>"; };
		31D732B328FB6B1800027E02 /* FMDatabaseAdditions.m */ = {isa = PBXFileReference; fileEncoding = 4; lastKnownFileType = sourcecode.c.objc; path = FMDatabaseAdditions.m; sourceTree = "<group>"; };
		31D732B428FB6B1800027E02 /* FMDatabasePool.h */ = {isa = PBXFileReference; fileEncoding = 4; lastKnownFileType = sourcecode.c.h; path = FMDatabasePool.h; sourceTree = "<group>"; };
		31D732B528FB6B1800027E02 /* FMResultSet.m */ = {isa = PBXFileReference; fileEncoding = 4; lastKnownFileType = sourcecode.c.objc; path = FMResultSet.m; sourceTree = "<group>"; };
		31D732B628FB6B1800027E02 /* FMDatabasePool.m */ = {isa = PBXFileReference; fileEncoding = 4; lastKnownFileType = sourcecode.c.objc; path = FMDatabasePool.m; sourceTree = "<group>"; };
		31D732B728FB6B1800027E02 /* FMDatabaseQueue.m */ = {isa = PBXFileReference; fileEncoding = 4; lastKnownFileType = sourcecode.c.objc; path = FMDatabaseQueue.m; sourceTree = "<group>"; };
		31D732B828FB6B1800027E02 /* FMDatabase.m */ = {isa = PBXFileReference; fileEncoding = 4; lastKnownFileType = sourcecode.c.objc; path = FMDatabase.m; sourceTree = "<group>"; };
		31D732B928FB6B1800027E02 /* FMDatabaseQueue.h */ = {isa = PBXFileReference; fileEncoding = 4; lastKnownFileType = sourcecode.c.h; path = FMDatabaseQueue.h; sourceTree = "<group>"; };
		31D732BA28FB6B1800027E02 /* FMDB.h */ = {isa = PBXFileReference; fileEncoding = 4; lastKnownFileType = sourcecode.c.h; path = FMDB.h; sourceTree = "<group>"; };
		31D732BB28FB6B1800027E02 /* FMResultSet.h */ = {isa = PBXFileReference; fileEncoding = 4; lastKnownFileType = sourcecode.c.h; path = FMResultSet.h; sourceTree = "<group>"; };
		31D732D328FBF9A900027E02 /* HomeVC.swift */ = {isa = PBXFileReference; lastKnownFileType = sourcecode.swift; path = HomeVC.swift; sourceTree = "<group>"; };
		31D732D728FBFAA000027E02 /* ToDoList.swift */ = {isa = PBXFileReference; lastKnownFileType = sourcecode.swift; path = ToDoList.swift; sourceTree = "<group>"; };
		31D732E928FBFE7100027E02 /* HomeProtocols.swift */ = {isa = PBXFileReference; lastKnownFileType = sourcecode.swift; path = HomeProtocols.swift; sourceTree = "<group>"; };
		31D732EB28FC013000027E02 /* HomeInteractor.swift */ = {isa = PBXFileReference; lastKnownFileType = sourcecode.swift; path = HomeInteractor.swift; sourceTree = "<group>"; };
		31D732F028FC015E00027E02 /* HomePresenter.swift */ = {isa = PBXFileReference; lastKnownFileType = sourcecode.swift; path = HomePresenter.swift; sourceTree = "<group>"; };
		31D732F228FC016800027E02 /* HomeRouter.swift */ = {isa = PBXFileReference; lastKnownFileType = sourcecode.swift; path = HomeRouter.swift; sourceTree = "<group>"; };
		31D732F528FC01DB00027E02 /* ToDoTableViewCell.swift */ = {isa = PBXFileReference; lastKnownFileType = sourcecode.swift; path = ToDoTableViewCell.swift; sourceTree = "<group>"; };
		31D732F728FC4EB800027E02 /* todo.sqlite */ = {isa = PBXFileReference; lastKnownFileType = file; path = todo.sqlite; sourceTree = "<group>"; };
		31D732F928FC542800027E02 /* ToDoUpdateVC.swift */ = {isa = PBXFileReference; lastKnownFileType = sourcecode.swift; path = ToDoUpdateVC.swift; sourceTree = "<group>"; };
		31D732FD28FC560600027E02 /* ToDoUpdateProtocols.swift */ = {isa = PBXFileReference; lastKnownFileType = sourcecode.swift; path = ToDoUpdateProtocols.swift; sourceTree = "<group>"; };
		31D732FF28FC574900027E02 /* ToDoUpdateRouter.swift */ = {isa = PBXFileReference; lastKnownFileType = sourcecode.swift; path = ToDoUpdateRouter.swift; sourceTree = "<group>"; };
		31D7330128FC57B700027E02 /* ToDoUpdatePresenter.swift */ = {isa = PBXFileReference; lastKnownFileType = sourcecode.swift; path = ToDoUpdatePresenter.swift; sourceTree = "<group>"; };
		31D7330328FC57C800027E02 /* ToDoUpdateInteractor.swift */ = {isa = PBXFileReference; lastKnownFileType = sourcecode.swift; path = ToDoUpdateInteractor.swift; sourceTree = "<group>"; };
		31D7330528FC5A9C00027E02 /* ToDoSave.swift */ = {isa = PBXFileReference; lastKnownFileType = sourcecode.swift; path = ToDoSave.swift; sourceTree = "<group>"; };
		31D7330728FC5B7400027E02 /* ToDoSaveVC.swift */ = {isa = PBXFileReference; lastKnownFileType = sourcecode.swift; path = ToDoSaveVC.swift; sourceTree = "<group>"; };
		31D7330928FC5E3400027E02 /* ToDoSaveRouter.swift */ = {isa = PBXFileReference; lastKnownFileType = sourcecode.swift; path = ToDoSaveRouter.swift; sourceTree = "<group>"; };
		31D7330F28FC5F6700027E02 /* ToDoSavePresenter.swift */ = {isa = PBXFileReference; lastKnownFileType = sourcecode.swift; path = ToDoSavePresenter.swift; sourceTree = "<group>"; };
		31ED36EB28FC95F70042F2D4 /* ToDoSaveInteractor.swift */ = {isa = PBXFileReference; lastKnownFileType = sourcecode.swift; path = ToDoSaveInteractor.swift; sourceTree = "<group>"; };
/* End PBXFileReference section */

/* Begin PBXFrameworksBuildPhase section */
		31D7329228FB69F200027E02 /* Frameworks */ = {
			isa = PBXFrameworksBuildPhase;
			buildActionMask = 2147483647;
			files = (
			);
			runOnlyForDeploymentPostprocessing = 0;
		};
/* End PBXFrameworksBuildPhase section */

/* Begin PBXGroup section */
		31D7328C28FB69F200027E02 = {
			isa = PBXGroup;
			children = (
				31D7329728FB69F200027E02 /* ToDo */,
				31D7329628FB69F200027E02 /* Products */,
				31D732AC28FB6A2A00027E02 /* Frameworks */,
			);
			sourceTree = "<group>";
		};
		31D7329628FB69F200027E02 /* Products */ = {
			isa = PBXGroup;
			children = (
				31D7329528FB69F200027E02 /* ToDo.app */,
			);
			name = Products;
			sourceTree = "<group>";
		};
		31D7329728FB69F200027E02 /* ToDo */ = {
			isa = PBXGroup;
			children = (
				31D7329828FB69F200027E02 /* AppDelegate.swift */,
				31D7329A28FB69F200027E02 /* SceneDelegate.swift */,
				31D732D628FBFA8C00027E02 /* Entity */,
				31D732C528FBF48100027E02 /* ToDoUpdate */,
				31D732C428FBF35400027E02 /* ToDoSave */,
				31D732C328FBF33B00027E02 /* Home */,
				31D7329E28FB69F200027E02 /* Main.storyboard */,
				31D732A128FB69F500027E02 /* Assets.xcassets */,
				31D732A328FB69F500027E02 /* LaunchScreen.storyboard */,
				31D732F728FC4EB800027E02 /* todo.sqlite */,
				31D732A628FB69F500027E02 /* Info.plist */,
				31D732B228FB6B1800027E02 /* FMDatabase.h */,
				31D732B828FB6B1800027E02 /* FMDatabase.m */,
				31D732B128FB6B1700027E02 /* FMDatabaseAdditions.h */,
				31D732B328FB6B1800027E02 /* FMDatabaseAdditions.m */,
				31D732B428FB6B1800027E02 /* FMDatabasePool.h */,
				31D732B628FB6B1800027E02 /* FMDatabasePool.m */,
				31D732B928FB6B1800027E02 /* FMDatabaseQueue.h */,
				31D732B728FB6B1800027E02 /* FMDatabaseQueue.m */,
				31D732BA28FB6B1800027E02 /* FMDB.h */,
				31D732BB28FB6B1800027E02 /* FMResultSet.h */,
				31D732B528FB6B1800027E02 /* FMResultSet.m */,
				31D732B028FB6B1700027E02 /* ToDo-Bridging-Header.h */,
			);
			path = ToDo;
			sourceTree = "<group>";
		};
		31D732AC28FB6A2A00027E02 /* Frameworks */ = {
			isa = PBXGroup;
			children = (
				31D732AD28FB6A2B00027E02 /* libsqlite3.tbd */,
			);
			name = Frameworks;
			sourceTree = "<group>";
		};
		31D732C328FBF33B00027E02 /* Home */ = {
			isa = PBXGroup;
			children = (
				31D732F428FC01AF00027E02 /* TableView */,
				31D732DC28FBFD6000027E02 /* Router */,
				31D732DB28FBFD3A00027E02 /* Presenter */,
				31D732DA28FBFD2C00027E02 /* Interactor */,
				31D732D928FBFCE200027E02 /* Protocols */,
				31D732D228FBF97800027E02 /* View */,
			);
			path = Home;
			sourceTree = "<group>";
		};
		31D732C428FBF35400027E02 /* ToDoSave */ = {
			isa = PBXGroup;
			children = (
				31ED36EA28FC95D40042F2D4 /* Interactor */,
				31D732E728FBFE4100027E02 /* View */,
				31D732E128FBFE1500027E02 /* Presenter */,
				31D732E028FBFDE400027E02 /* Protocols */,
				31D732DE28FBFDDE00027E02 /* Router */,
			);
			path = ToDoSave;
			sourceTree = "<group>";
		};
		31D732C528FBF48100027E02 /* ToDoUpdate */ = {
			isa = PBXGroup;
			children = (
				31D732E828FBFE5400027E02 /* View */,
				31D732E628FBFE3400027E02 /* Interactor */,
				31D732E328FBFE2100027E02 /* Protocols */,
				31D732E228FBFE1E00027E02 /* Presenter */,
				31D732E428FBFE2800027E02 /* Router */,
			);
			path = ToDoUpdate;
			sourceTree = "<group>";
		};
		31D732D228FBF97800027E02 /* View */ = {
			isa = PBXGroup;
			children = (
				31D732D328FBF9A900027E02 /* HomeVC.swift */,
			);
			path = View;
			sourceTree = "<group>";
		};
		31D732D628FBFA8C00027E02 /* Entity */ = {
			isa = PBXGroup;
			children = (
				31D732D728FBFAA000027E02 /* ToDoList.swift */,
			);
			path = Entity;
			sourceTree = "<group>";
		};
		31D732D928FBFCE200027E02 /* Protocols */ = {
			isa = PBXGroup;
			children = (
				31D732E928FBFE7100027E02 /* HomeProtocols.swift */,
			);
			path = Protocols;
			sourceTree = "<group>";
		};
		31D732DA28FBFD2C00027E02 /* Interactor */ = {
			isa = PBXGroup;
			children = (
				31D732EB28FC013000027E02 /* HomeInteractor.swift */,
			);
			path = Interactor;
			sourceTree = "<group>";
		};
		31D732DB28FBFD3A00027E02 /* Presenter */ = {
			isa = PBXGroup;
			children = (
				31D732F028FC015E00027E02 /* HomePresenter.swift */,
			);
			path = Presenter;
			sourceTree = "<group>";
		};
		31D732DC28FBFD6000027E02 /* Router */ = {
			isa = PBXGroup;
			children = (
				31D732F228FC016800027E02 /* HomeRouter.swift */,
			);
			path = Router;
			sourceTree = "<group>";
		};
		31D732DE28FBFDDE00027E02 /* Router */ = {
			isa = PBXGroup;
			children = (
				31D7330928FC5E3400027E02 /* ToDoSaveRouter.swift */,
			);
			path = Router;
			sourceTree = "<group>";
		};
		31D732E028FBFDE400027E02 /* Protocols */ = {
			isa = PBXGroup;
			children = (
				31D7330528FC5A9C00027E02 /* ToDoSave.swift */,
			);
			path = Protocols;
			sourceTree = "<group>";
		};
		31D732E128FBFE1500027E02 /* Presenter */ = {
			isa = PBXGroup;
			children = (
				31D7330F28FC5F6700027E02 /* ToDoSavePresenter.swift */,
			);
			path = Presenter;
			sourceTree = "<group>";
		};
		31D732E228FBFE1E00027E02 /* Presenter */ = {
			isa = PBXGroup;
			children = (
				31D7330128FC57B700027E02 /* ToDoUpdatePresenter.swift */,
			);
			path = Presenter;
			sourceTree = "<group>";
		};
		31D732E328FBFE2100027E02 /* Protocols */ = {
			isa = PBXGroup;
			children = (
				31D732FD28FC560600027E02 /* ToDoUpdateProtocols.swift */,
			);
			path = Protocols;
			sourceTree = "<group>";
		};
		31D732E428FBFE2800027E02 /* Router */ = {
			isa = PBXGroup;
			children = (
				31D732FF28FC574900027E02 /* ToDoUpdateRouter.swift */,
			);
			path = Router;
			sourceTree = "<group>";
		};
		31D732E628FBFE3400027E02 /* Interactor */ = {
			isa = PBXGroup;
			children = (
				31D7330328FC57C800027E02 /* ToDoUpdateInteractor.swift */,
			);
			path = Interactor;
			sourceTree = "<group>";
		};
		31D732E728FBFE4100027E02 /* View */ = {
			isa = PBXGroup;
			children = (
				31D7330728FC5B7400027E02 /* ToDoSaveVC.swift */,
			);
			path = View;
			sourceTree = "<group>";
		};
		31D732E828FBFE5400027E02 /* View */ = {
			isa = PBXGroup;
			children = (
				31D732F928FC542800027E02 /* ToDoUpdateVC.swift */,
			);
			path = View;
			sourceTree = "<group>";
		};
		31D732F428FC01AF00027E02 /* TableView */ = {
			isa = PBXGroup;
			children = (
				31D732F528FC01DB00027E02 /* ToDoTableViewCell.swift */,
			);
			path = TableView;
			sourceTree = "<group>";
		};
		31ED36EA28FC95D40042F2D4 /* Interactor */ = {
			isa = PBXGroup;
			children = (
				31ED36EB28FC95F70042F2D4 /* ToDoSaveInteractor.swift */,
			);
			path = Interactor;
			sourceTree = "<group>";
		};
/* End PBXGroup section */

/* Begin PBXNativeTarget section */
		31D7329428FB69F200027E02 /* ToDo */ = {
			isa = PBXNativeTarget;
			buildConfigurationList = 31D732A928FB69F500027E02 /* Build configuration list for PBXNativeTarget "ToDo" */;
			buildPhases = (
				31D7329128FB69F200027E02 /* Sources */,
				31D7329228FB69F200027E02 /* Frameworks */,
				31D7329328FB69F200027E02 /* Resources */,
			);
			buildRules = (
			);
			dependencies = (
			);
			name = ToDo;
			productName = ToDo;
			productReference = 31D7329528FB69F200027E02 /* ToDo.app */;
			productType = "com.apple.product-type.application";
		};
/* End PBXNativeTarget section */

/* Begin PBXProject section */
		31D7328D28FB69F200027E02 /* Project object */ = {
			isa = PBXProject;
			attributes = {
				BuildIndependentTargetsInParallel = 1;
				LastSwiftUpdateCheck = 1300;
				LastUpgradeCheck = 1300;
				TargetAttributes = {
					31D7329428FB69F200027E02 = {
						CreatedOnToolsVersion = 13.0;
						LastSwiftMigration = 1300;
					};
				};
			};
			buildConfigurationList = 31D7329028FB69F200027E02 /* Build configuration list for PBXProject "ToDo" */;
			compatibilityVersion = "Xcode 13.0";
			developmentRegion = en;
			hasScannedForEncodings = 0;
			knownRegions = (
				en,
				Base,
			);
			mainGroup = 31D7328C28FB69F200027E02;
			productRefGroup = 31D7329628FB69F200027E02 /* Products */;
			projectDirPath = "";
			projectRoot = "";
			targets = (
				31D7329428FB69F200027E02 /* ToDo */,
			);
		};
/* End PBXProject section */

/* Begin PBXResourcesBuildPhase section */
		31D7329328FB69F200027E02 /* Resources */ = {
			isa = PBXResourcesBuildPhase;
			buildActionMask = 2147483647;
			files = (
				31D732A528FB69F500027E02 /* LaunchScreen.storyboard in Resources */,
				31D732F828FC4EB800027E02 /* todo.sqlite in Resources */,
				31D732A228FB69F500027E02 /* Assets.xcassets in Resources */,
				31D732A028FB69F200027E02 /* Main.storyboard in Resources */,
			);
			runOnlyForDeploymentPostprocessing = 0;
		};
/* End PBXResourcesBuildPhase section */

/* Begin PBXSourcesBuildPhase section */
		31D7329128FB69F200027E02 /* Sources */ = {
			isa = PBXSourcesBuildPhase;
			buildActionMask = 2147483647;
			files = (
				31D732BE28FB6B1800027E02 /* FMDatabasePool.m in Sources */,
				31D7330228FC57B700027E02 /* ToDoUpdatePresenter.swift in Sources */,
				31D7330628FC5A9C00027E02 /* ToDoSave.swift in Sources */,
				31D732EC28FC013000027E02 /* HomeInteractor.swift in Sources */,
				31D732FE28FC560600027E02 /* ToDoUpdateProtocols.swift in Sources */,
				31D732D828FBFAA000027E02 /* ToDoList.swift in Sources */,
				31D732F128FC015E00027E02 /* HomePresenter.swift in Sources */,
				31D7329928FB69F200027E02 /* AppDelegate.swift in Sources */,
				31D732D428FBF9A900027E02 /* HomeVC.swift in Sources */,
				31D7330428FC57C800027E02 /* ToDoUpdateInteractor.swift in Sources */,
				31D732F328FC016800027E02 /* HomeRouter.swift in Sources */,
				31ED36EC28FC95F70042F2D4 /* ToDoSaveInteractor.swift in Sources */,
				31D7330028FC574900027E02 /* ToDoUpdateRouter.swift in Sources */,
				31D732F628FC01DB00027E02 /* ToDoTableViewCell.swift in Sources */,
				31D732BF28FB6B1800027E02 /* FMDatabaseQueue.m in Sources */,
				31D7329B28FB69F200027E02 /* SceneDelegate.swift in Sources */,
				31D732EA28FBFE7100027E02 /* HomeProtocols.swift in Sources */,
				31D7331028FC5F6700027E02 /* ToDoSavePresenter.swift in Sources */,
				31D7330828FC5B7400027E02 /* ToDoSaveVC.swift in Sources */,
				31D732FA28FC542800027E02 /* ToDoUpdateVC.swift in Sources */,
				31D732BC28FB6B1800027E02 /* FMDatabaseAdditions.m in Sources */,
				31D732BD28FB6B1800027E02 /* FMResultSet.m in Sources */,
				31D732C028FB6B1800027E02 /* FMDatabase.m in Sources */,
				31D7330A28FC5E3400027E02 /* ToDoSaveRouter.swift in Sources */,
			);
			runOnlyForDeploymentPostprocessing = 0;
		};
/* End PBXSourcesBuildPhase section */

/* Begin PBXVariantGroup section */
		31D7329E28FB69F200027E02 /* Main.storyboard */ = {
			isa = PBXVariantGroup;
			children = (
				31D7329F28FB69F200027E02 /* Base */,
			);
			name = Main.storyboard;
			sourceTree = "<group>";
		};
		31D732A328FB69F500027E02 /* LaunchScreen.storyboard */ = {
			isa = PBXVariantGroup;
			children = (
				31D732A428FB69F500027E02 /* Base */,
			);
			name = LaunchScreen.storyboard;
			sourceTree = "<group>";
		};
/* End PBXVariantGroup section */

/* Begin XCBuildConfiguration section */
		31D732A728FB69F500027E02 /* Debug */ = {
			isa = XCBuildConfiguration;
			buildSettings = {
				ALWAYS_SEARCH_USER_PATHS = NO;
				CLANG_ANALYZER_NONNULL = YES;
				CLANG_ANALYZER_NUMBER_OBJECT_CONVERSION = YES_AGGRESSIVE;
				CLANG_CXX_LANGUAGE_STANDARD = "gnu++17";
				CLANG_CXX_LIBRARY = "libc++";
				CLANG_ENABLE_MODULES = YES;
				CLANG_ENABLE_OBJC_ARC = YES;
				CLANG_ENABLE_OBJC_WEAK = YES;
				CLANG_WARN_BLOCK_CAPTURE_AUTORELEASING = YES;
				CLANG_WARN_BOOL_CONVERSION = YES;
				CLANG_WARN_COMMA = YES;
				CLANG_WARN_CONSTANT_CONVERSION = YES;
				CLANG_WARN_DEPRECATED_OBJC_IMPLEMENTATIONS = YES;
				CLANG_WARN_DIRECT_OBJC_ISA_USAGE = YES_ERROR;
				CLANG_WARN_DOCUMENTATION_COMMENTS = YES;
				CLANG_WARN_EMPTY_BODY = YES;
				CLANG_WARN_ENUM_CONVERSION = YES;
				CLANG_WARN_INFINITE_RECURSION = YES;
				CLANG_WARN_INT_CONVERSION = YES;
				CLANG_WARN_NON_LITERAL_NULL_CONVERSION = YES;
				CLANG_WARN_OBJC_IMPLICIT_RETAIN_SELF = YES;
				CLANG_WARN_OBJC_LITERAL_CONVERSION = YES;
				CLANG_WARN_OBJC_ROOT_CLASS = YES_ERROR;
				CLANG_WARN_QUOTED_INCLUDE_IN_FRAMEWORK_HEADER = YES;
				CLANG_WARN_RANGE_LOOP_ANALYSIS = YES;
				CLANG_WARN_STRICT_PROTOTYPES = YES;
				CLANG_WARN_SUSPICIOUS_MOVE = YES;
				CLANG_WARN_UNGUARDED_AVAILABILITY = YES_AGGRESSIVE;
				CLANG_WARN_UNREACHABLE_CODE = YES;
				CLANG_WARN__DUPLICATE_METHOD_MATCH = YES;
				COPY_PHASE_STRIP = NO;
				DEBUG_INFORMATION_FORMAT = dwarf;
				ENABLE_STRICT_OBJC_MSGSEND = YES;
				ENABLE_TESTABILITY = YES;
				GCC_C_LANGUAGE_STANDARD = gnu11;
				GCC_DYNAMIC_NO_PIC = NO;
				GCC_NO_COMMON_BLOCKS = YES;
				GCC_OPTIMIZATION_LEVEL = 0;
				GCC_PREPROCESSOR_DEFINITIONS = (
					"DEBUG=1",
					"$(inherited)",
				);
				GCC_WARN_64_TO_32_BIT_CONVERSION = YES;
				GCC_WARN_ABOUT_RETURN_TYPE = YES_ERROR;
				GCC_WARN_UNDECLARED_SELECTOR = YES;
				GCC_WARN_UNINITIALIZED_AUTOS = YES_AGGRESSIVE;
				GCC_WARN_UNUSED_FUNCTION = YES;
				GCC_WARN_UNUSED_VARIABLE = YES;
				IPHONEOS_DEPLOYMENT_TARGET = 15.0;
				MTL_ENABLE_DEBUG_INFO = INCLUDE_SOURCE;
				MTL_FAST_MATH = YES;
				ONLY_ACTIVE_ARCH = YES;
				SDKROOT = iphoneos;
				SWIFT_ACTIVE_COMPILATION_CONDITIONS = DEBUG;
				SWIFT_OPTIMIZATION_LEVEL = "-Onone";
			};
			name = Debug;
		};
		31D732A828FB69F500027E02 /* Release */ = {
			isa = XCBuildConfiguration;
			buildSettings = {
				ALWAYS_SEARCH_USER_PATHS = NO;
				CLANG_ANALYZER_NONNULL = YES;
				CLANG_ANALYZER_NUMBER_OBJECT_CONVERSION = YES_AGGRESSIVE;
				CLANG_CXX_LANGUAGE_STANDARD = "gnu++17";
				CLANG_CXX_LIBRARY = "libc++";
				CLANG_ENABLE_MODULES = YES;
				CLANG_ENABLE_OBJC_ARC = YES;
				CLANG_ENABLE_OBJC_WEAK = YES;
				CLANG_WARN_BLOCK_CAPTURE_AUTORELEASING = YES;
				CLANG_WARN_BOOL_CONVERSION = YES;
				CLANG_WARN_COMMA = YES;
				CLANG_WARN_CONSTANT_CONVERSION = YES;
				CLANG_WARN_DEPRECATED_OBJC_IMPLEMENTATIONS = YES;
				CLANG_WARN_DIRECT_OBJC_ISA_USAGE = YES_ERROR;
				CLANG_WARN_DOCUMENTATION_COMMENTS = YES;
				CLANG_WARN_EMPTY_BODY = YES;
				CLANG_WARN_ENUM_CONVERSION = YES;
				CLANG_WARN_INFINITE_RECURSION = YES;
				CLANG_WARN_INT_CONVERSION = YES;
				CLANG_WARN_NON_LITERAL_NULL_CONVERSION = YES;
				CLANG_WARN_OBJC_IMPLICIT_RETAIN_SELF = YES;
				CLANG_WARN_OBJC_LITERAL_CONVERSION = YES;
				CLANG_WARN_OBJC_ROOT_CLASS = YES_ERROR;
				CLANG_WARN_QUOTED_INCLUDE_IN_FRAMEWORK_HEADER = YES;
				CLANG_WARN_RANGE_LOOP_ANALYSIS = YES;
				CLANG_WARN_STRICT_PROTOTYPES = YES;
				CLANG_WARN_SUSPICIOUS_MOVE = YES;
				CLANG_WARN_UNGUARDED_AVAILABILITY = YES_AGGRESSIVE;
				CLANG_WARN_UNREACHABLE_CODE = YES;
				CLANG_WARN__DUPLICATE_METHOD_MATCH = YES;
				COPY_PHASE_STRIP = NO;
				DEBUG_INFORMATION_FORMAT = "dwarf-with-dsym";
				ENABLE_NS_ASSERTIONS = NO;
				ENABLE_STRICT_OBJC_MSGSEND = YES;
				GCC_C_LANGUAGE_STANDARD = gnu11;
				GCC_NO_COMMON_BLOCKS = YES;
				GCC_WARN_64_TO_32_BIT_CONVERSION = YES;
				GCC_WARN_ABOUT_RETURN_TYPE = YES_ERROR;
				GCC_WARN_UNDECLARED_SELECTOR = YES;
				GCC_WARN_UNINITIALIZED_AUTOS = YES_AGGRESSIVE;
				GCC_WARN_UNUSED_FUNCTION = YES;
				GCC_WARN_UNUSED_VARIABLE = YES;
				IPHONEOS_DEPLOYMENT_TARGET = 15.0;
				MTL_ENABLE_DEBUG_INFO = NO;
				MTL_FAST_MATH = YES;
				SDKROOT = iphoneos;
				SWIFT_COMPILATION_MODE = wholemodule;
				SWIFT_OPTIMIZATION_LEVEL = "-O";
				VALIDATE_PRODUCT = YES;
			};
			name = Release;
		};
		31D732AA28FB69F500027E02 /* Debug */ = {
			isa = XCBuildConfiguration;
			buildSettings = {
				ASSETCATALOG_COMPILER_APPICON_NAME = AppIcon;
				ASSETCATALOG_COMPILER_GLOBAL_ACCENT_COLOR_NAME = AccentColor;
				CLANG_ENABLE_MODULES = YES;
				CODE_SIGN_STYLE = Automatic;
				CURRENT_PROJECT_VERSION = 1;
				DEVELOPMENT_TEAM = KRCW97NRKQ;
				GENERATE_INFOPLIST_FILE = YES;
				INFOPLIST_FILE = ToDo/Info.plist;
				INFOPLIST_KEY_UIApplicationSupportsIndirectInputEvents = YES;
				INFOPLIST_KEY_UILaunchStoryboardName = LaunchScreen;
				INFOPLIST_KEY_UIMainStoryboardFile = Main;
				INFOPLIST_KEY_UISupportedInterfaceOrientations_iPad = "UIInterfaceOrientationPortrait UIInterfaceOrientationPortraitUpsideDown UIInterfaceOrientationLandscapeLeft UIInterfaceOrientationLandscapeRight";
				INFOPLIST_KEY_UISupportedInterfaceOrientations_iPhone = "UIInterfaceOrientationPortrait UIInterfaceOrientationLandscapeLeft UIInterfaceOrientationLandscapeRight";
				LD_RUNPATH_SEARCH_PATHS = (
					"$(inherited)",
					"@executable_path/Frameworks",
				);
				MARKETING_VERSION = 1.0;
				PRODUCT_BUNDLE_IDENTIFIER = com.fuldenonan.ToDo;
				PRODUCT_NAME = "$(TARGET_NAME)";
				SWIFT_EMIT_LOC_STRINGS = YES;
				SWIFT_OBJC_BRIDGING_HEADER = "ToDo/ToDo-Bridging-Header.h";
				SWIFT_OPTIMIZATION_LEVEL = "-Onone";
				SWIFT_VERSION = 5.0;
				TARGETED_DEVICE_FAMILY = "1,2";
			};
			name = Debug;
		};
		31D732AB28FB69F500027E02 /* Release */ = {
			isa = XCBuildConfiguration;
			buildSettings = {
				ASSETCATALOG_COMPILER_APPICON_NAME = AppIcon;
				ASSETCATALOG_COMPILER_GLOBAL_ACCENT_COLOR_NAME = AccentColor;
				CLANG_ENABLE_MODULES = YES;
				CODE_SIGN_STYLE = Automatic;
				CURRENT_PROJECT_VERSION = 1;
				DEVELOPMENT_TEAM = KRCW97NRKQ;
				GENERATE_INFOPLIST_FILE = YES;
				INFOPLIST_FILE = ToDo/Info.plist;
				INFOPLIST_KEY_UIApplicationSupportsIndirectInputEvents = YES;
				INFOPLIST_KEY_UILaunchStoryboardName = LaunchScreen;
				INFOPLIST_KEY_UIMainStoryboardFile = Main;
				INFOPLIST_KEY_UISupportedInterfaceOrientations_iPad = "UIInterfaceOrientationPortrait UIInterfaceOrientationPortraitUpsideDown UIInterfaceOrientationLandscapeLeft UIInterfaceOrientationLandscapeRight";
				INFOPLIST_KEY_UISupportedInterfaceOrientations_iPhone = "UIInterfaceOrientationPortrait UIInterfaceOrientationLandscapeLeft UIInterfaceOrientationLandscapeRight";
				LD_RUNPATH_SEARCH_PATHS = (
					"$(inherited)",
					"@executable_path/Frameworks",
				);
				MARKETING_VERSION = 1.0;
				PRODUCT_BUNDLE_IDENTIFIER = com.fuldenonan.ToDo;
				PRODUCT_NAME = "$(TARGET_NAME)";
				SWIFT_EMIT_LOC_STRINGS = YES;
				SWIFT_OBJC_BRIDGING_HEADER = "ToDo/ToDo-Bridging-Header.h";
				SWIFT_VERSION = 5.0;
				TARGETED_DEVICE_FAMILY = "1,2";
			};
			name = Release;
		};
/* End XCBuildConfiguration section */

/* Begin XCConfigurationList section */
		31D7329028FB69F200027E02 /* Build configuration list for PBXProject "ToDo" */ = {
			isa = XCConfigurationList;
			buildConfigurations = (
				31D732A728FB69F500027E02 /* Debug */,
				31D732A828FB69F500027E02 /* Release */,
			);
			defaultConfigurationIsVisible = 0;
			defaultConfigurationName = Release;
		};
		31D732A928FB69F500027E02 /* Build configuration list for PBXNativeTarget "ToDo" */ = {
			isa = XCConfigurationList;
			buildConfigurations = (
				31D732AA28FB69F500027E02 /* Debug */,
				31D732AB28FB69F500027E02 /* Release */,
			);
			defaultConfigurationIsVisible = 0;
			defaultConfigurationName = Release;
		};
/* End XCConfigurationList section */
	};
	rootObject = 31D7328D28FB69F200027E02 /* Project object */;
}
